
Microsoft Visual Studio Solution File, Format Version 12.00
# Visual Studio Version 16
VisualStudioVersion = 16.0.32510.428
MinimumVisualStudioVersion = 10.0.40219.1
Project("{FAE04EC0-301F-11D3-BF4B-00C04F79EFBC}") = "LudicrousFuelSystem", "LudicrousFuelSystem\LudicrousFuelSystem.csproj", "{E390F4B2-D265-4C4A-B35B-A934C6429BF5}"
EndProject
Global
	GlobalSection(SolutionConfigurationPlatforms) = preSolution
		Debug|Any CPU = Debug|Any CPU
		Release|Any CPU = Release|Any CPU
	EndGlobalSection
	GlobalSection(ProjectConfigurationPlatforms) = postSolution
		{E390F4B2-D265-4C4A-B35B-A934C6429BF5}.Debug|Any CPU.ActiveCfg = Debug|Any CPU
		{E390F4B2-D265-4C4A-B35B-A934C6429BF5}.Debug|Any CPU.Build.0 = Debug|Any CPU
		{E390F4B2-D265-4C4A-B35B-A934C6429BF5}.Release|Any CPU.ActiveCfg = Release|Any CPU
		{E390F4B2-D265-4C4A-B35B-A934C6429BF5}.Release|Any CPU.Build.0 = Release|Any CPU
	EndGlobalSection
	GlobalSection(SolutionProperties) = preSolution
		HideSolutionNode = FALSE
	EndGlobalSection
	GlobalSection(ExtensibilityGlobals) = postSolution
		SolutionGuid = {748EA4BC-13BA-4F54-9612-19FDCEE663C4}
	EndGlobalSection
EndGlobal
